
Microsoft Visual Studio Solution File, Format Version 12.00
# Visual Studio Version 17
VisualStudioVersion = 17.13.35919.96 d17.13
MinimumVisualStudioVersion = 10.0.40219.1
Project("{FAE04EC0-301F-11D3-BF4B-00C04F79EFBC}") = "Bilgi_Yarismasi", "Bilgi_Yarismasi\Bilgi_Yarismasi.csproj", "{B8601DFD-D89F-49E3-8E69-24B3DA066A88}"
EndProject
Global
	GlobalSection(SolutionConfigurationPlatforms) = preSolution
		Debug|Any CPU = Debug|Any CPU
		Release|Any CPU = Release|Any CPU
	EndGlobalSection
	GlobalSection(ProjectConfigurationPlatforms) = postSolution
		{B8601DFD-D89F-49E3-8E69-24B3DA066A88}.Debug|Any CPU.ActiveCfg = Debug|Any CPU
		{B8601DFD-D89F-49E3-8E69-24B3DA066A88}.Debug|Any CPU.Build.0 = Debug|Any CPU
		{B8601DFD-D89F-49E3-8E69-24B3DA066A88}.Release|Any CPU.ActiveCfg = Release|Any CPU
		{B8601DFD-D89F-49E3-8E69-24B3DA066A88}.Release|Any CPU.Build.0 = Release|Any CPU
	EndGlobalSection
	GlobalSection(SolutionProperties) = preSolution
		HideSolutionNode = FALSE
	EndGlobalSection
	GlobalSection(ExtensibilityGlobals) = postSolution
		SolutionGuid = {99BA4B41-3388-48ED-B9D8-456FDF74A1F6}
	EndGlobalSection
EndGlobal
